
Microsoft Visual Studio Solution File, Format Version 12.00
# Visual Studio 15
VisualStudioVersion = 15.0.28307.1267
MinimumVisualStudioVersion = 10.0.40219.1
Project("{FAE04EC0-301F-11D3-BF4B-00C04F79EFBC}") = "Cau1", "Cau1\Cau1.csproj", "{CE19928A-44A8-4017-88FE-5CE7805A0589}"
EndProject
Global
	GlobalSection(SolutionConfigurationPlatforms) = preSolution
		Debug|Any CPU = Debug|Any CPU
		Release|Any CPU = Release|Any CPU
	EndGlobalSection
	GlobalSection(ProjectConfigurationPlatforms) = postSolution
		{CE19928A-44A8-4017-88FE-5CE7805A0589}.Debug|Any CPU.ActiveCfg = Debug|Any CPU
		{CE19928A-44A8-4017-88FE-5CE7805A0589}.Debug|Any CPU.Build.0 = Debug|Any CPU
		{CE19928A-44A8-4017-88FE-5CE7805A0589}.Release|Any CPU.ActiveCfg = Release|Any CPU
		{CE19928A-44A8-4017-88FE-5CE7805A0589}.Release|Any CPU.Build.0 = Release|Any CPU
	EndGlobalSection
	GlobalSection(SolutionProperties) = preSolution
		HideSolutionNode = FALSE
	EndGlobalSection
	GlobalSection(ExtensibilityGlobals) = postSolution
		SolutionGuid = {D2973159-5303-4120-82CC-1BCA79658ACA}
	EndGlobalSection
EndGlobal
