
Microsoft Visual Studio Solution File, Format Version 12.00
# Visual Studio Version 16
VisualStudioVersion = 16.0.30907.101
MinimumVisualStudioVersion = 10.0.40219.1
Project("{FAE04EC0-301F-11D3-BF4B-00C04F79EFBC}") = "MVCCodeFirst", "MVCCodeFirst\MVCCodeFirst.csproj", "{FD6C1440-0694-49EF-BB80-01E93C2AAFB0}"
EndProject
Global
	GlobalSection(SolutionConfigurationPlatforms) = preSolution
		Debug|Any CPU = Debug|Any CPU
		Release|Any CPU = Release|Any CPU
	EndGlobalSection
	GlobalSection(ProjectConfigurationPlatforms) = postSolution
		{FD6C1440-0694-49EF-BB80-01E93C2AAFB0}.Debug|Any CPU.ActiveCfg = Debug|Any CPU
		{FD6C1440-0694-49EF-BB80-01E93C2AAFB0}.Debug|Any CPU.Build.0 = Debug|Any CPU
		{FD6C1440-0694-49EF-BB80-01E93C2AAFB0}.Release|Any CPU.ActiveCfg = Release|Any CPU
		{FD6C1440-0694-49EF-BB80-01E93C2AAFB0}.Release|Any CPU.Build.0 = Release|Any CPU
	EndGlobalSection
	GlobalSection(SolutionProperties) = preSolution
		HideSolutionNode = FALSE
	EndGlobalSection
	GlobalSection(ExtensibilityGlobals) = postSolution
		SolutionGuid = {4F704EA4-EF65-4688-8913-5E0A57B1B459}
	EndGlobalSection
EndGlobal
