
Microsoft Visual Studio Solution File, Format Version 12.00
# Visual Studio Version 16
VisualStudioVersion = 16.0.30907.101
MinimumVisualStudioVersion = 10.0.40219.1
Project("{FAE04EC0-301F-11D3-BF4B-00C04F79EFBC}") = "Cau1", "Cau1\Cau1.csproj", "{2B23519B-3BC4-4603-8EC6-390AE523AE22}"
EndProject
Global
	GlobalSection(SolutionConfigurationPlatforms) = preSolution
		Debug|Any CPU = Debug|Any CPU
		Release|Any CPU = Release|Any CPU
	EndGlobalSection
	GlobalSection(ProjectConfigurationPlatforms) = postSolution
		{2B23519B-3BC4-4603-8EC6-390AE523AE22}.Debug|Any CPU.ActiveCfg = Debug|Any CPU
		{2B23519B-3BC4-4603-8EC6-390AE523AE22}.Debug|Any CPU.Build.0 = Debug|Any CPU
		{2B23519B-3BC4-4603-8EC6-390AE523AE22}.Release|Any CPU.ActiveCfg = Release|Any CPU
		{2B23519B-3BC4-4603-8EC6-390AE523AE22}.Release|Any CPU.Build.0 = Release|Any CPU
	EndGlobalSection
	GlobalSection(SolutionProperties) = preSolution
		HideSolutionNode = FALSE
	EndGlobalSection
	GlobalSection(ExtensibilityGlobals) = postSolution
		SolutionGuid = {0453D6B1-09F1-4192-80EE-1237E4271257}
	EndGlobalSection
EndGlobal
